
Microsoft Visual Studio Solution File, Format Version 12.00
# Visual Studio Version 17
VisualStudioVersion = 17.13.35931.197
MinimumVisualStudioVersion = 10.0.40219.1
Project("{FAE04EC0-301F-11D3-BF4B-00C04F79EFBC}") = "project-c-sharp", "project-c-sharp\project-c-sharp.csproj", "{8BCAB511-C9D4-4C88-9120-EB013CD62DDA}"
EndProject
Project("{8BC9CEB8-8B4A-11D0-8D11-00A0C91BC942}") = "project-c-plus-plus", "project-c-plus-plus\project-c-plus-plus.vcxproj", "{0D374672-BEEE-4909-9205-4AE92B8A28F7}"
EndProject
Global
	GlobalSection(SolutionConfigurationPlatforms) = preSolution
		Debug|Any CPU = Debug|Any CPU
		Debug|x64 = Debug|x64
		Debug|x86 = Debug|x86
		Release|Any CPU = Release|Any CPU
		Release|x64 = Release|x64
		Release|x86 = Release|x86
	EndGlobalSection
	GlobalSection(ProjectConfigurationPlatforms) = postSolution
		{8BCAB511-C9D4-4C88-9120-EB013CD62DDA}.Debug|Any CPU.ActiveCfg = Debug|Any CPU
		{8BCAB511-C9D4-4C88-9120-EB013CD62DDA}.Debug|Any CPU.Build.0 = Debug|Any CPU
		{8BCAB511-C9D4-4C88-9120-EB013CD62DDA}.Debug|x64.ActiveCfg = Debug|Any CPU
		{8BCAB511-C9D4-4C88-9120-EB013CD62DDA}.Debug|x64.Build.0 = Debug|Any CPU
		{8BCAB511-C9D4-4C88-9120-EB013CD62DDA}.Debug|x86.ActiveCfg = Debug|Any CPU
		{8BCAB511-C9D4-4C88-9120-EB013CD62DDA}.Debug|x86.Build.0 = Debug|Any CPU
		{8BCAB511-C9D4-4C88-9120-EB013CD62DDA}.Release|Any CPU.ActiveCfg = Release|Any CPU
		{8BCAB511-C9D4-4C88-9120-EB013CD62DDA}.Release|Any CPU.Build.0 = Release|Any CPU
		{8BCAB511-C9D4-4C88-9120-EB013CD62DDA}.Release|x64.ActiveCfg = Release|Any CPU
		{8BCAB511-C9D4-4C88-9120-EB013CD62DDA}.Release|x64.Build.0 = Release|Any CPU
		{8BCAB511-C9D4-4C88-9120-EB013CD62DDA}.Release|x86.ActiveCfg = Release|Any CPU
		{8BCAB511-C9D4-4C88-9120-EB013CD62DDA}.Release|x86.Build.0 = Release|Any CPU
		{0D374672-BEEE-4909-9205-4AE92B8A28F7}.Debug|Any CPU.ActiveCfg = Debug|x64
		{0D374672-BEEE-4909-9205-4AE92B8A28F7}.Debug|Any CPU.Build.0 = Debug|x64
		{0D374672-BEEE-4909-9205-4AE92B8A28F7}.Debug|x64.ActiveCfg = Debug|x64
		{0D374672-BEEE-4909-9205-4AE92B8A28F7}.Debug|x64.Build.0 = Debug|x64
		{0D374672-BEEE-4909-9205-4AE92B8A28F7}.Debug|x86.ActiveCfg = Debug|Win32
		{0D374672-BEEE-4909-9205-4AE92B8A28F7}.Debug|x86.Build.0 = Debug|Win32
		{0D374672-BEEE-4909-9205-4AE92B8A28F7}.Release|Any CPU.ActiveCfg = Release|x64
		{0D374672-BEEE-4909-9205-4AE92B8A28F7}.Release|Any CPU.Build.0 = Release|x64
		{0D374672-BEEE-4909-9205-4AE92B8A28F7}.Release|x64.ActiveCfg = Release|x64
		{0D374672-BEEE-4909-9205-4AE92B8A28F7}.Release|x64.Build.0 = Release|x64
		{0D374672-BEEE-4909-9205-4AE92B8A28F7}.Release|x86.ActiveCfg = Release|Win32
		{0D374672-BEEE-4909-9205-4AE92B8A28F7}.Release|x86.Build.0 = Release|Win32
	EndGlobalSection
	GlobalSection(SolutionProperties) = preSolution
		HideSolutionNode = FALSE
	EndGlobalSection
	GlobalSection(ExtensibilityGlobals) = postSolution
		SolutionGuid = {5490380E-6684-4D23-A42E-512D86D3D0E9}
	EndGlobalSection
EndGlobal
